// !$*UTF8*$!
{
	archiveVersion = 1;
	classes = {
	};
	objectVersion = 46;
	objects = {

/* Begin PBXBuildFile section */
		F3BC027D1F5A312A00A3D744 /* main.cpp in Sources */ = {isa = PBXBuildFile; fileRef = F3BC027C1F5A312A00A3D744 /* main.cpp */; };
		F3BC02851F5A314600A3D744 /* Lab0_Problema1.cpp in Sources */ = {isa = PBXBuildFile; fileRef = F3BC02841F5A314600A3D744 /* Lab0_Problema1.cpp */; };
		F3BC02871F5A314B00A3D744 /* Lab0_Problema2.cpp in Sources */ = {isa = PBXBuildFile; fileRef = F3BC02861F5A314B00A3D744 /* Lab0_Problema2.cpp */; };
		F3BC02891F5A315000A3D744 /* Lab0_Problema3.cpp in Sources */ = {isa = PBXBuildFile; fileRef = F3BC02881F5A315000A3D744 /* Lab0_Problema3.cpp */; };
/* End PBXBuildFile section */

/* Begin PBXCopyFilesBuildPhase section */
		F3BC02771F5A312A00A3D744 /* CopyFiles */ = {
			isa = PBXCopyFilesBuildPhase;
			buildActionMask = 2147483647;
			dstPath = /usr/share/man/man1/;
			dstSubfolderSpec = 0;
			files = (
			);
			runOnlyForDeploymentPostprocessing = 1;
		};
/* End PBXCopyFilesBuildPhase section */

/* Begin PBXFileReference section */
		F3BC02791F5A312A00A3D744 /* Lab0 */ = {isa = PBXFileReference; explicitFileType = "compiled.mach-o.executable"; includeInIndex = 0; path = Lab0; sourceTree = BUILT_PRODUCTS_DIR; };
		F3BC027C1F5A312A00A3D744 /* main.cpp */ = {isa = PBXFileReference; lastKnownFileType = sourcecode.cpp.cpp; path = main.cpp; sourceTree = "<group>"; };
		F3BC02831F5A313F00A3D744 /* icom5007-RodriguezC-lab0 */ = {isa = PBXFileReference; lastKnownFileType = folder; name = "icom5007-RodriguezC-lab0"; path = "../../../Desktop/icom5007-RodriguezC-lab0"; sourceTree = "<group>"; };
		F3BC02841F5A314600A3D744 /* Lab0_Problema1.cpp */ = {isa = PBXFileReference; fileEncoding = 4; lastKnownFileType = sourcecode.cpp.cpp; name = Lab0_Problema1.cpp; path = "../../../../Desktop/icom5007-RodriguezC-lab0/Lab0_Problema1.cpp"; sourceTree = "<group>"; };
		F3BC02861F5A314B00A3D744 /* Lab0_Problema2.cpp */ = {isa = PBXFileReference; fileEncoding = 4; lastKnownFileType = sourcecode.cpp.cpp; name = Lab0_Problema2.cpp; path = "../../../../Desktop/icom5007-RodriguezC-lab0/Lab0_Problema2.cpp"; sourceTree = "<group>"; };
		F3BC02881F5A315000A3D744 /* Lab0_Problema3.cpp */ = {isa = PBXFileReference; fileEncoding = 4; lastKnownFileType = sourcecode.cpp.cpp; name = Lab0_Problema3.cpp; path = "../../../../Desktop/icom5007-RodriguezC-lab0/Lab0_Problema3.cpp"; sourceTree = "<group>"; };
/* End PBXFileReference section */

/* Begin PBXFrameworksBuildPhase section */
		F3BC02761F5A312A00A3D744 /* Frameworks */ = {
			isa = PBXFrameworksBuildPhase;
			buildActionMask = 2147483647;
			files = (
			);
			runOnlyForDeploymentPostprocessing = 0;
		};
/* End PBXFrameworksBuildPhase section */

/* Begin PBXGroup section */
		F3BC02701F5A312A00A3D744 = {
			isa = PBXGroup;
			children = (
				F3BC02831F5A313F00A3D744 /* icom5007-RodriguezC-lab0 */,
				F3BC027B1F5A312A00A3D744 /* Lab0 */,
				F3BC027A1F5A312A00A3D744 /* Products */,
			);
			sourceTree = "<group>";
		};
		F3BC027A1F5A312A00A3D744 /* Products */ = {
			isa = PBXGroup;
			children = (
				F3BC02791F5A312A00A3D744 /* Lab0 */,
			);
			name = Products;
			sourceTree = "<group>";
		};
		F3BC027B1F5A312A00A3D744 /* Lab0 */ = {
			isa = PBXGroup;
			children = (
				F3BC02881F5A315000A3D744 /* Lab0_Problema3.cpp */,
				F3BC02861F5A314B00A3D744 /* Lab0_Problema2.cpp */,
				F3BC02841F5A314600A3D744 /* Lab0_Problema1.cpp */,
				F3BC027C1F5A312A00A3D744 /* main.cpp */,
			);
			path = Lab0;
			sourceTree = "<group>";
		};
/* End PBXGroup section */

/* Begin PBXNativeTarget section */
		F3BC02781F5A312A00A3D744 /* Lab0 */ = {
			isa = PBXNativeTarget;
			buildConfigurationList = F3BC02801F5A312A00A3D744 /* Build configuration list for PBXNativeTarget "Lab0" */;
			buildPhases = (
				F3BC02751F5A312A00A3D744 /* Sources */,
				F3BC02761F5A312A00A3D744 /* Frameworks */,
				F3BC02771F5A312A00A3D744 /* CopyFiles */,
			);
			buildRules = (
			);
			dependencies = (
			);
			name = Lab0;
			productName = Lab0;
			productReference = F3BC02791F5A312A00A3D744 /* Lab0 */;
			productType = "com.apple.product-type.tool";
		};
/* End PBXNativeTarget section */

/* Begin PBXProject section */
		F3BC02711F5A312A00A3D744 /* Project object */ = {
			isa = PBXProject;
			attributes = {
				LastUpgradeCheck = 0800;
				ORGANIZATIONNAME = "Carlos A. Rodriguez Santiago";
				TargetAttributes = {
					F3BC02781F5A312A00A3D744 = {
						CreatedOnToolsVersion = 8.0;
						ProvisioningStyle = Automatic;
					};
				};
			};
			buildConfigurationList = F3BC02741F5A312A00A3D744 /* Build configuration list for PBXProject "Lab0" */;
			compatibilityVersion = "Xcode 3.2";
			developmentRegion = English;
			hasScannedForEncodings = 0;
			knownRegions = (
				en,
			);
			mainGroup = F3BC02701F5A312A00A3D744;
			productRefGroup = F3BC027A1F5A312A00A3D744 /* Products */;
			projectDirPath = "";
			projectRoot = "";
			targets = (
				F3BC02781F5A312A00A3D744 /* Lab0 */,
			);
		};
/* End PBXProject section */

/* Begin PBXSourcesBuildPhase section */
		F3BC02751F5A312A00A3D744 /* Sources */ = {
			isa = PBXSourcesBuildPhase;
			buildActionMask = 2147483647;
			files = (
				F3BC02851F5A314600A3D744 /* Lab0_Problema1.cpp in Sources */,
				F3BC02871F5A314B00A3D744 /* Lab0_Problema2.cpp in Sources */,
				F3BC02891F5A315000A3D744 /* Lab0_Problema3.cpp in Sources */,
				F3BC027D1F5A312A00A3D744 /* main.cpp in Sources */,
			);
			runOnlyForDeploymentPostprocessing = 0;
		};
/* End PBXSourcesBuildPhase section */

/* Begin XCBuildConfiguration section */
		F3BC027E1F5A312A00A3D744 /* Debug */ = {
			isa = XCBuildConfiguration;
			buildSettings = {
				ALWAYS_SEARCH_USER_PATHS = NO;
				CLANG_ANALYZER_NONNULL = YES;
				CLANG_CXX_LANGUAGE_STANDARD = "gnu++0x";
				CLANG_CXX_LIBRARY = "libc++";
				CLANG_ENABLE_MODULES = YES;
				CLANG_ENABLE_OBJC_ARC = YES;
				CLANG_WARN_BOOL_CONVERSION = YES;
				CLANG_WARN_CONSTANT_CONVERSION = YES;
				CLANG_WARN_DIRECT_OBJC_ISA_USAGE = YES_ERROR;
				CLANG_WARN_DOCUMENTATION_COMMENTS = YES;
				CLANG_WARN_EMPTY_BODY = YES;
				CLANG_WARN_ENUM_CONVERSION = YES;
				CLANG_WARN_INFINITE_RECURSION = YES;
				CLANG_WARN_INT_CONVERSION = YES;
				CLANG_WARN_OBJC_ROOT_CLASS = YES_ERROR;
				CLANG_WARN_SUSPICIOUS_MOVES = YES;
				CLANG_WARN_UNREACHABLE_CODE = YES;
				CLANG_WARN__DUPLICATE_METHOD_MATCH = YES;
				CODE_SIGN_IDENTITY = "-";
				COPY_PHASE_STRIP = NO;
				DEBUG_INFORMATION_FORMAT = dwarf;
				ENABLE_STRICT_OBJC_MSGSEND = YES;
				ENABLE_TESTABILITY = YES;
				GCC_C_LANGUAGE_STANDARD = gnu99;
				GCC_DYNAMIC_NO_PIC = NO;
				GCC_NO_COMMON_BLOCKS = YES;
				GCC_OPTIMIZATION_LEVEL = 0;
				GCC_PREPROCESSOR_DEFINITIONS = (
					"DEBUG=1",
					"$(inherited)",
				);
				GCC_WARN_64_TO_32_BIT_CONVERSION = YES;
				GCC_WARN_ABOUT_RETURN_TYPE = YES_ERROR;
				GCC_WARN_UNDECLARED_SELECTOR = YES;
				GCC_WARN_UNINITIALIZED_AUTOS = YES_AGGRESSIVE;
				GCC_WARN_UNUSED_FUNCTION = YES;
				GCC_WARN_UNUSED_VARIABLE = YES;
				MACOSX_DEPLOYMENT_TARGET = 10.12;
				MTL_ENABLE_DEBUG_INFO = YES;
				ONLY_ACTIVE_ARCH = YES;
				SDKROOT = macosx;
			};
			name = Debug;
		};
		F3BC027F1F5A312A00A3D744 /* Release */ = {
			isa = XCBuildConfiguration;
			buildSettings = {
				ALWAYS_SEARCH_USER_PATHS = NO;
				CLANG_ANALYZER_NONNULL = YES;
				CLANG_CXX_LANGUAGE_STANDARD = "gnu++0x";
				CLANG_CXX_LIBRARY = "libc++";
				CLANG_ENABLE_MODULES = YES;
				CLANG_ENABLE_OBJC_ARC = YES;
				CLANG_WARN_BOOL_CONVERSION = YES;
				CLANG_WARN_CONSTANT_CONVERSION = YES;
				CLANG_WARN_DIRECT_OBJC_ISA_USAGE = YES_ERROR;
				CLANG_WARN_DOCUMENTATION_COMMENTS = YES;
				CLANG_WARN_EMPTY_BODY = YES;
				CLANG_WARN_ENUM_CONVERSION = YES;
				CLANG_WARN_INFINITE_RECURSION = YES;
				CLANG_WARN_INT_CONVERSION = YES;
				CLANG_WARN_OBJC_ROOT_CLASS = YES_ERROR;
				CLANG_WARN_SUSPICIOUS_MOVES = YES;
				CLANG_WARN_UNREACHABLE_CODE = YES;
				CLANG_WARN__DUPLICATE_METHOD_MATCH = YES;
				CODE_SIGN_IDENTITY = "-";
				COPY_PHASE_STRIP = NO;
				DEBUG_INFORMATION_FORMAT = "dwarf-with-dsym";
				ENABLE_NS_ASSERTIONS = NO;
				ENABLE_STRICT_OBJC_MSGSEND = YES;
				GCC_C_LANGUAGE_STANDARD = gnu99;
				GCC_NO_COMMON_BLOCKS = YES;
				GCC_WARN_64_TO_32_BIT_CONVERSION = YES;
				GCC_WARN_ABOUT_RETURN_TYPE = YES_ERROR;
				GCC_WARN_UNDECLARED_SELECTOR = YES;
				GCC_WARN_UNINITIALIZED_AUTOS = YES_AGGRESSIVE;
				GCC_WARN_UNUSED_FUNCTION = YES;
				GCC_WARN_UNUSED_VARIABLE = YES;
				MACOSX_DEPLOYMENT_TARGET = 10.12;
				MTL_ENABLE_DEBUG_INFO = NO;
				SDKROOT = macosx;
			};
			name = Release;
		};
		F3BC02811F5A312A00A3D744 /* Debug */ = {
			isa = XCBuildConfiguration;
			buildSettings = {
				PRODUCT_NAME = "$(TARGET_NAME)";
			};
			name = Debug;
		};
		F3BC02821F5A312A00A3D744 /* Release */ = {
			isa = XCBuildConfiguration;
			buildSettings = {
				PRODUCT_NAME = "$(TARGET_NAME)";
			};
			name = Release;
		};
/* End XCBuildConfiguration section */

/* Begin XCConfigurationList section */
		F3BC02741F5A312A00A3D744 /* Build configuration list for PBXProject "Lab0" */ = {
			isa = XCConfigurationList;
			buildConfigurations = (
				F3BC027E1F5A312A00A3D744 /* Debug */,
				F3BC027F1F5A312A00A3D744 /* Release */,
			);
			defaultConfigurationIsVisible = 0;
			defaultConfigurationName = Release;
		};
		F3BC02801F5A312A00A3D744 /* Build configuration list for PBXNativeTarget "Lab0" */ = {
			isa = XCConfigurationList;
			buildConfigurations = (
				F3BC02811F5A312A00A3D744 /* Debug */,
				F3BC02821F5A312A00A3D744 /* Release */,
			);
			defaultConfigurationIsVisible = 0;
		};
/* End XCConfigurationList section */
	};
	rootObject = F3BC02711F5A312A00A3D744 /* Project object */;
}
